
Microsoft Visual Studio Solution File, Format Version 12.00
# Visual Studio Version 16
VisualStudioVersion = 16.0.31112.23
MinimumVisualStudioVersion = 10.0.40219.1
Project("{FAE04EC0-301F-11D3-BF4B-00C04F79EFBC}") = "EductionFinalProject", "EductionFinalProject.csproj", "{039A580A-35EA-4BF6-BECB-E120DED86DCA}"
EndProject
Global
	GlobalSection(SolutionConfigurationPlatforms) = preSolution
		Debug|Any CPU = Debug|Any CPU
		Release|Any CPU = Release|Any CPU
	EndGlobalSection
	GlobalSection(ProjectConfigurationPlatforms) = postSolution
		{039A580A-35EA-4BF6-BECB-E120DED86DCA}.Debug|Any CPU.ActiveCfg = Debug|Any CPU
		{039A580A-35EA-4BF6-BECB-E120DED86DCA}.Debug|Any CPU.Build.0 = Debug|Any CPU
		{039A580A-35EA-4BF6-BECB-E120DED86DCA}.Release|Any CPU.ActiveCfg = Release|Any CPU
		{039A580A-35EA-4BF6-BECB-E120DED86DCA}.Release|Any CPU.Build.0 = Release|Any CPU
	EndGlobalSection
	GlobalSection(SolutionProperties) = preSolution
		HideSolutionNode = FALSE
	EndGlobalSection
	GlobalSection(ExtensibilityGlobals) = postSolution
		SolutionGuid = {7DD4A31C-AF02-42BE-AD3A-E3C0BE053687}
	EndGlobalSection
EndGlobal
